
Microsoft Visual Studio Solution File, Format Version 12.00
# Visual Studio Version 17
VisualStudioVersion = 17.5.33424.131
MinimumVisualStudioVersion = 10.0.40219.1
Project("{FAE04EC0-301F-11D3-BF4B-00C04F79EFBC}") = "SALESCet77Web", "SALESCet77Web\SALESCet77Web.csproj", "{FAFEE51E-491D-4931-BAE8-7B31B2713A49}"
EndProject
Global
	GlobalSection(SolutionConfigurationPlatforms) = preSolution
		Debug|Any CPU = Debug|Any CPU
		Release|Any CPU = Release|Any CPU
	EndGlobalSection
	GlobalSection(ProjectConfigurationPlatforms) = postSolution
		{FAFEE51E-491D-4931-BAE8-7B31B2713A49}.Debug|Any CPU.ActiveCfg = Debug|Any CPU
		{FAFEE51E-491D-4931-BAE8-7B31B2713A49}.Debug|Any CPU.Build.0 = Debug|Any CPU
		{FAFEE51E-491D-4931-BAE8-7B31B2713A49}.Release|Any CPU.ActiveCfg = Release|Any CPU
		{FAFEE51E-491D-4931-BAE8-7B31B2713A49}.Release|Any CPU.Build.0 = Release|Any CPU
	EndGlobalSection
	GlobalSection(SolutionProperties) = preSolution
		HideSolutionNode = FALSE
	EndGlobalSection
	GlobalSection(ExtensibilityGlobals) = postSolution
		SolutionGuid = {B8187AE9-E745-4BF4-969C-897B7820DFBD}
	EndGlobalSection
EndGlobal
